// !$*UTF8*$!
{
	archiveVersion = 1;
	classes = {
	};
	objectVersion = 51;
	objects = {

/* Begin PBXBuildFile section */
		4482AE1D030C9C6106FA8F7C /* Pods_Boundri_IOS.framework in Frameworks */ = {isa = PBXBuildFile; fileRef = 776B20CD4F48AC78218B84C1 /* Pods_Boundri_IOS.framework */; };
		7D628CA360D1C3984EAFDB41 /* Pods_Boundri_IOS_Boundri_IOSUITests.framework in Frameworks */ = {isa = PBXBuildFile; fileRef = A55C3A37875B941A574C91D2 /* Pods_Boundri_IOS_Boundri_IOSUITests.framework */; };
		E529B9C524A3DBE0002A3E60 /* CloudVisionAPI.swift in Sources */ = {isa = PBXBuildFile; fileRef = E529B9C424A3DBE0002A3E60 /* CloudVisionAPI.swift */; };
		E529B9C724A3DBF6002A3E60 /* SiriKit.swift in Sources */ = {isa = PBXBuildFile; fileRef = E529B9C624A3DBF6002A3E60 /* SiriKit.swift */; };
		E57D7D6124A8F95500C09A03 /* SettingsTVC.swift in Sources */ = {isa = PBXBuildFile; fileRef = E57D7D6024A8F95500C09A03 /* SettingsTVC.swift */; };
		E5CF869E24A0205B00EB96AB /* AppDelegate.swift in Sources */ = {isa = PBXBuildFile; fileRef = E5CF869D24A0205B00EB96AB /* AppDelegate.swift */; };
		E5CF86A024A0205B00EB96AB /* SceneDelegate.swift in Sources */ = {isa = PBXBuildFile; fileRef = E5CF869F24A0205B00EB96AB /* SceneDelegate.swift */; };
		E5CF86A524A0205B00EB96AB /* Main.storyboard in Resources */ = {isa = PBXBuildFile; fileRef = E5CF86A324A0205B00EB96AB /* Main.storyboard */; };
		E5CF86A724A0206100EB96AB /* Assets.xcassets in Resources */ = {isa = PBXBuildFile; fileRef = E5CF86A624A0206100EB96AB /* Assets.xcassets */; };
		E5CF86AA24A0206100EB96AB /* LaunchScreen.storyboard in Resources */ = {isa = PBXBuildFile; fileRef = E5CF86A824A0206100EB96AB /* LaunchScreen.storyboard */; };
		E5CF871224A118D500EB96AB /* HomeTVC.swift in Sources */ = {isa = PBXBuildFile; fileRef = E5CF871124A118D500EB96AB /* HomeTVC.swift */; };
		E5CF871424A1282B00EB96AB /* CameraVC.swift in Sources */ = {isa = PBXBuildFile; fileRef = E5CF871324A1282B00EB96AB /* CameraVC.swift */; };
		E5CF871824A12C0C00EB96AB /* ImageViewVC.swift in Sources */ = {isa = PBXBuildFile; fileRef = E5CF871724A12C0C00EB96AB /* ImageViewVC.swift */; };
		E5D84D9424BE02F100DD7760 /* AboutTVC.swift in Sources */ = {isa = PBXBuildFile; fileRef = E5D84D9324BE02F100DD7760 /* AboutTVC.swift */; };
		E5D84D9624BE03DE00DD7760 /* VIsionCell.swift in Sources */ = {isa = PBXBuildFile; fileRef = E5D84D9524BE03DE00DD7760 /* VIsionCell.swift */; };
		F288521CE1F3BF466C37B7BA /* Pods_Boundri_IOSTests.framework in Frameworks */ = {isa = PBXBuildFile; fileRef = 0E1514E750205676EF25E81D /* Pods_Boundri_IOSTests.framework */; };
/* End PBXBuildFile section */

/* Begin PBXContainerItemProxy section */
		E5CF86B124A0206100EB96AB /* PBXContainerItemProxy */ = {
			isa = PBXContainerItemProxy;
			containerPortal = E5CF869224A0205B00EB96AB /* Project object */;
			proxyType = 1;
			remoteGlobalIDString = E5CF869924A0205B00EB96AB;
			remoteInfo = "Boundri IOS";
		};
		E5CF86BC24A0206100EB96AB /* PBXContainerItemProxy */ = {
			isa = PBXContainerItemProxy;
			containerPortal = E5CF869224A0205B00EB96AB /* Project object */;
			proxyType = 1;
			remoteGlobalIDString = E5CF869924A0205B00EB96AB;
			remoteInfo = "Boundri IOS";
		};
/* End PBXContainerItemProxy section */

/* Begin PBXFileReference section */
		0E1514E750205676EF25E81D /* Pods_Boundri_IOSTests.framework */ = {isa = PBXFileReference; explicitFileType = wrapper.framework; includeInIndex = 0; path = Pods_Boundri_IOSTests.framework; sourceTree = BUILT_PRODUCTS_DIR; };
		65736443A7F6F82EE032D758 /* Pods-Boundri IOSTests.release.xcconfig */ = {isa = PBXFileReference; includeInIndex = 1; lastKnownFileType = text.xcconfig; name = "Pods-Boundri IOSTests.release.xcconfig"; path = "Target Support Files/Pods-Boundri IOSTests/Pods-Boundri IOSTests.release.xcconfig"; sourceTree = "<group>"; };
		776B20CD4F48AC78218B84C1 /* Pods_Boundri_IOS.framework */ = {isa = PBXFileReference; explicitFileType = wrapper.framework; includeInIndex = 0; path = Pods_Boundri_IOS.framework; sourceTree = BUILT_PRODUCTS_DIR; };
		7BB09EADB0989269D7CFB67F /* Pods-Boundri IOS-Boundri IOSUITests.release.xcconfig */ = {isa = PBXFileReference; includeInIndex = 1; lastKnownFileType = text.xcconfig; name = "Pods-Boundri IOS-Boundri IOSUITests.release.xcconfig"; path = "Target Support Files/Pods-Boundri IOS-Boundri IOSUITests/Pods-Boundri IOS-Boundri IOSUITests.release.xcconfig"; sourceTree = "<group>"; };
		89F6330E3B9C8E4394B6D614 /* Pods-Boundri IOS-Boundri IOSUITests.debug.xcconfig */ = {isa = PBXFileReference; includeInIndex = 1; lastKnownFileType = text.xcconfig; name = "Pods-Boundri IOS-Boundri IOSUITests.debug.xcconfig"; path = "Target Support Files/Pods-Boundri IOS-Boundri IOSUITests/Pods-Boundri IOS-Boundri IOSUITests.debug.xcconfig"; sourceTree = "<group>"; };
		A55C3A37875B941A574C91D2 /* Pods_Boundri_IOS_Boundri_IOSUITests.framework */ = {isa = PBXFileReference; explicitFileType = wrapper.framework; includeInIndex = 0; path = Pods_Boundri_IOS_Boundri_IOSUITests.framework; sourceTree = BUILT_PRODUCTS_DIR; };
		CE10927030BE7AF0AA4020FF /* Pods-Boundri IOS.release.xcconfig */ = {isa = PBXFileReference; includeInIndex = 1; lastKnownFileType = text.xcconfig; name = "Pods-Boundri IOS.release.xcconfig"; path = "Target Support Files/Pods-Boundri IOS/Pods-Boundri IOS.release.xcconfig"; sourceTree = "<group>"; };
		D89D08DF759B46E28DBFCA93 /* Pods-Boundri IOS.debug.xcconfig */ = {isa = PBXFileReference; includeInIndex = 1; lastKnownFileType = text.xcconfig; name = "Pods-Boundri IOS.debug.xcconfig"; path = "Target Support Files/Pods-Boundri IOS/Pods-Boundri IOS.debug.xcconfig"; sourceTree = "<group>"; };
		E529B9C424A3DBE0002A3E60 /* CloudVisionAPI.swift */ = {isa = PBXFileReference; lastKnownFileType = sourcecode.swift; path = CloudVisionAPI.swift; sourceTree = "<group>"; };
		E529B9C624A3DBF6002A3E60 /* SiriKit.swift */ = {isa = PBXFileReference; lastKnownFileType = sourcecode.swift; path = SiriKit.swift; sourceTree = "<group>"; };
		E57D7D6024A8F95500C09A03 /* SettingsTVC.swift */ = {isa = PBXFileReference; lastKnownFileType = sourcecode.swift; path = SettingsTVC.swift; sourceTree = "<group>"; };
		E5CF869A24A0205B00EB96AB /* Boundri IOS.app */ = {isa = PBXFileReference; explicitFileType = wrapper.application; includeInIndex = 0; path = "Boundri IOS.app"; sourceTree = BUILT_PRODUCTS_DIR; };
		E5CF869D24A0205B00EB96AB /* AppDelegate.swift */ = {isa = PBXFileReference; lastKnownFileType = sourcecode.swift; path = AppDelegate.swift; sourceTree = "<group>"; };
		E5CF869F24A0205B00EB96AB /* SceneDelegate.swift */ = {isa = PBXFileReference; lastKnownFileType = sourcecode.swift; path = SceneDelegate.swift; sourceTree = "<group>"; };
		E5CF86A424A0205B00EB96AB /* Base */ = {isa = PBXFileReference; lastKnownFileType = file.storyboard; name = Base; path = Base.lproj/Main.storyboard; sourceTree = "<group>"; };
		E5CF86A624A0206100EB96AB /* Assets.xcassets */ = {isa = PBXFileReference; lastKnownFileType = folder.assetcatalog; path = Assets.xcassets; sourceTree = "<group>"; };
		E5CF86A924A0206100EB96AB /* Base */ = {isa = PBXFileReference; lastKnownFileType = file.storyboard; name = Base; path = Base.lproj/LaunchScreen.storyboard; sourceTree = "<group>"; };
		E5CF86AB24A0206100EB96AB /* Info.plist */ = {isa = PBXFileReference; lastKnownFileType = text.plist.xml; path = Info.plist; sourceTree = "<group>"; };
		E5CF86B024A0206100EB96AB /* Boundri IOSTests.xctest */ = {isa = PBXFileReference; explicitFileType = wrapper.cfbundle; includeInIndex = 0; path = "Boundri IOSTests.xctest"; sourceTree = BUILT_PRODUCTS_DIR; };
		E5CF86BB24A0206100EB96AB /* Boundri IOSUITests.xctest */ = {isa = PBXFileReference; explicitFileType = wrapper.cfbundle; includeInIndex = 0; path = "Boundri IOSUITests.xctest"; sourceTree = BUILT_PRODUCTS_DIR; };
		E5CF871124A118D500EB96AB /* HomeTVC.swift */ = {isa = PBXFileReference; lastKnownFileType = sourcecode.swift; path = HomeTVC.swift; sourceTree = "<group>"; };
		E5CF871324A1282B00EB96AB /* CameraVC.swift */ = {isa = PBXFileReference; lastKnownFileType = sourcecode.swift; path = CameraVC.swift; sourceTree = "<group>"; };
		E5CF871724A12C0C00EB96AB /* ImageViewVC.swift */ = {isa = PBXFileReference; lastKnownFileType = sourcecode.swift; path = ImageViewVC.swift; sourceTree = "<group>"; };
		E5D84D9324BE02F100DD7760 /* AboutTVC.swift */ = {isa = PBXFileReference; lastKnownFileType = sourcecode.swift; path = AboutTVC.swift; sourceTree = "<group>"; };
		E5D84D9524BE03DE00DD7760 /* VIsionCell.swift */ = {isa = PBXFileReference; lastKnownFileType = sourcecode.swift; path = VIsionCell.swift; sourceTree = "<group>"; };
		E77E285F86034481B151F09C /* Pods-Boundri IOSTests.debug.xcconfig */ = {isa = PBXFileReference; includeInIndex = 1; lastKnownFileType = text.xcconfig; name = "Pods-Boundri IOSTests.debug.xcconfig"; path = "Target Support Files/Pods-Boundri IOSTests/Pods-Boundri IOSTests.debug.xcconfig"; sourceTree = "<group>"; };
/* End PBXFileReference section */

/* Begin PBXFrameworksBuildPhase section */
		E5CF869724A0205B00EB96AB /* Frameworks */ = {
			isa = PBXFrameworksBuildPhase;
			buildActionMask = 2147483647;
			files = (
				4482AE1D030C9C6106FA8F7C /* Pods_Boundri_IOS.framework in Frameworks */,
			);
			runOnlyForDeploymentPostprocessing = 0;
		};
		E5CF86AD24A0206100EB96AB /* Frameworks */ = {
			isa = PBXFrameworksBuildPhase;
			buildActionMask = 2147483647;
			files = (
				F288521CE1F3BF466C37B7BA /* Pods_Boundri_IOSTests.framework in Frameworks */,
			);
			runOnlyForDeploymentPostprocessing = 0;
		};
		E5CF86B824A0206100EB96AB /* Frameworks */ = {
			isa = PBXFrameworksBuildPhase;
			buildActionMask = 2147483647;
			files = (
				7D628CA360D1C3984EAFDB41 /* Pods_Boundri_IOS_Boundri_IOSUITests.framework in Frameworks */,
			);
			runOnlyForDeploymentPostprocessing = 0;
		};
/* End PBXFrameworksBuildPhase section */

/* Begin PBXGroup section */
		0174DE67D9C69D2316D2FEB7 /* Frameworks */ = {
			isa = PBXGroup;
			children = (
				776B20CD4F48AC78218B84C1 /* Pods_Boundri_IOS.framework */,
				A55C3A37875B941A574C91D2 /* Pods_Boundri_IOS_Boundri_IOSUITests.framework */,
				0E1514E750205676EF25E81D /* Pods_Boundri_IOSTests.framework */,
			);
			name = Frameworks;
			sourceTree = "<group>";
		};
		023E58DE5EFFC49022775819 /* Pods */ = {
			isa = PBXGroup;
			children = (
				D89D08DF759B46E28DBFCA93 /* Pods-Boundri IOS.debug.xcconfig */,
				CE10927030BE7AF0AA4020FF /* Pods-Boundri IOS.release.xcconfig */,
				89F6330E3B9C8E4394B6D614 /* Pods-Boundri IOS-Boundri IOSUITests.debug.xcconfig */,
				7BB09EADB0989269D7CFB67F /* Pods-Boundri IOS-Boundri IOSUITests.release.xcconfig */,
				E77E285F86034481B151F09C /* Pods-Boundri IOSTests.debug.xcconfig */,
				65736443A7F6F82EE032D758 /* Pods-Boundri IOSTests.release.xcconfig */,
			);
			path = Pods;
			sourceTree = "<group>";
		};
		E529B9C224A3C810002A3E60 /* SiriKit */ = {
			isa = PBXGroup;
			children = (
				E529B9C624A3DBF6002A3E60 /* SiriKit.swift */,
			);
			path = SiriKit;
			sourceTree = "<group>";
		};
		E529B9C324A3C81A002A3E60 /* CloudVisionAPI */ = {
			isa = PBXGroup;
			children = (
				E529B9C424A3DBE0002A3E60 /* CloudVisionAPI.swift */,
			);
			path = CloudVisionAPI;
			sourceTree = "<group>";
		};
		E5C4390824B0E73200DA5FA9 /* DemoViewControllers */ = {
			isa = PBXGroup;
			children = (
				E5CF871324A1282B00EB96AB /* CameraVC.swift */,
				E5CF871724A12C0C00EB96AB /* ImageViewVC.swift */,
				E5D84D9524BE03DE00DD7760 /* VIsionCell.swift */,
			);
			name = DemoViewControllers;
			path = ../..;
			sourceTree = "<group>";
		};
		E5CF869124A0205B00EB96AB = {
			isa = PBXGroup;
			children = (
				E5CF869C24A0205B00EB96AB /* Boundri IOS */,
				E5CF869B24A0205B00EB96AB /* Products */,
				023E58DE5EFFC49022775819 /* Pods */,
				0174DE67D9C69D2316D2FEB7 /* Frameworks */,
			);
			sourceTree = "<group>";
		};
		E5CF869B24A0205B00EB96AB /* Products */ = {
			isa = PBXGroup;
			children = (
				E5CF869A24A0205B00EB96AB /* Boundri IOS.app */,
				E5CF86B024A0206100EB96AB /* Boundri IOSTests.xctest */,
				E5CF86BB24A0206100EB96AB /* Boundri IOSUITests.xctest */,
			);
			name = Products;
			sourceTree = "<group>";
		};
		E5CF869C24A0205B00EB96AB /* Boundri IOS */ = {
			isa = PBXGroup;
			children = (
				E5CF869D24A0205B00EB96AB /* AppDelegate.swift */,
				E529B9C324A3C81A002A3E60 /* CloudVisionAPI */,
				E529B9C224A3C810002A3E60 /* SiriKit */,
				E5CF86CF24A023F400EB96AB /* ViewControllers */,
				E5CF86A624A0206100EB96AB /* Assets.xcassets */,
				E5CF86AB24A0206100EB96AB /* Info.plist */,
				E5CF86A824A0206100EB96AB /* LaunchScreen.storyboard */,
				E5CF86A324A0205B00EB96AB /* Main.storyboard */,
				E5CF869F24A0205B00EB96AB /* SceneDelegate.swift */,
			);
			path = "Boundri IOS";
			sourceTree = "<group>";
		};
		E5CF86CF24A023F400EB96AB /* ViewControllers */ = {
			isa = PBXGroup;
			children = (
				E5C4390824B0E73200DA5FA9 /* DemoViewControllers */,
				E5CF871124A118D500EB96AB /* HomeTVC.swift */,
				E57D7D6024A8F95500C09A03 /* SettingsTVC.swift */,
				E5D84D9324BE02F100DD7760 /* AboutTVC.swift */,
			);
			path = ViewControllers;
			sourceTree = "<group>";
		};
/* End PBXGroup section */

/* Begin PBXNativeTarget section */
		E5CF869924A0205B00EB96AB /* Boundri IOS */ = {
			isa = PBXNativeTarget;
			buildConfigurationList = E5CF86C424A0206100EB96AB /* Build configuration list for PBXNativeTarget "Boundri IOS" */;
			buildPhases = (
				72CDC3991AF09A07775E604E /* [CP] Check Pods Manifest.lock */,
				E5CF869624A0205B00EB96AB /* Sources */,
				E5CF869724A0205B00EB96AB /* Frameworks */,
				E5CF869824A0205B00EB96AB /* Resources */,
				BB8369E8DE04283F3D20FA90 /* [CP] Embed Pods Frameworks */,
				866A3721857625B3A60CF418 /* [CP] Copy Pods Resources */,
			);
			buildRules = (
			);
			dependencies = (
			);
			name = "Boundri IOS";
			productName = "Boundri IOS";
			productReference = E5CF869A24A0205B00EB96AB /* Boundri IOS.app */;
			productType = "com.apple.product-type.application";
		};
		E5CF86AF24A0206100EB96AB /* Boundri IOSTests */ = {
			isa = PBXNativeTarget;
			buildConfigurationList = E5CF86C724A0206100EB96AB /* Build configuration list for PBXNativeTarget "Boundri IOSTests" */;
			buildPhases = (
				01E163C88C2CCDD569AAF4D8 /* [CP] Check Pods Manifest.lock */,
				E5CF86AC24A0206100EB96AB /* Sources */,
				E5CF86AD24A0206100EB96AB /* Frameworks */,
				E5CF86AE24A0206100EB96AB /* Resources */,
			);
			buildRules = (
			);
			dependencies = (
				E5CF86B224A0206100EB96AB /* PBXTargetDependency */,
			);
			name = "Boundri IOSTests";
			productName = "Boundri IOSTests";
			productReference = E5CF86B024A0206100EB96AB /* Boundri IOSTests.xctest */;
			productType = "com.apple.product-type.bundle.unit-test";
		};
		E5CF86BA24A0206100EB96AB /* Boundri IOSUITests */ = {
			isa = PBXNativeTarget;
			buildConfigurationList = E5CF86CA24A0206100EB96AB /* Build configuration list for PBXNativeTarget "Boundri IOSUITests" */;
			buildPhases = (
				D856D84B5FC24724735DE50D /* [CP] Check Pods Manifest.lock */,
				E5CF86B724A0206100EB96AB /* Sources */,
				E5CF86B824A0206100EB96AB /* Frameworks */,
				E5CF86B924A0206100EB96AB /* Resources */,
				B691D02CADE16A78011B25C6 /* [CP] Embed Pods Frameworks */,
				90047747F68BCA08E0523B34 /* [CP] Copy Pods Resources */,
			);
			buildRules = (
			);
			dependencies = (
				E5CF86BD24A0206100EB96AB /* PBXTargetDependency */,
			);
			name = "Boundri IOSUITests";
			productName = "Boundri IOSUITests";
			productReference = E5CF86BB24A0206100EB96AB /* Boundri IOSUITests.xctest */;
			productType = "com.apple.product-type.bundle.ui-testing";
		};
/* End PBXNativeTarget section */

/* Begin PBXProject section */
		E5CF869224A0205B00EB96AB /* Project object */ = {
			isa = PBXProject;
			attributes = {
				LastSwiftUpdateCheck = 1150;
				LastUpgradeCheck = 1150;
				ORGANIZATIONNAME = Boundri;
				TargetAttributes = {
					E5CF869924A0205B00EB96AB = {
						CreatedOnToolsVersion = 11.5;
					};
					E5CF86AF24A0206100EB96AB = {
						CreatedOnToolsVersion = 11.5;
						TestTargetID = E5CF869924A0205B00EB96AB;
					};
					E5CF86BA24A0206100EB96AB = {
						CreatedOnToolsVersion = 11.5;
						TestTargetID = E5CF869924A0205B00EB96AB;
					};
				};
			};
			buildConfigurationList = E5CF869524A0205B00EB96AB /* Build configuration list for PBXProject "Boundri IOS" */;
			compatibilityVersion = "Xcode 9.3";
			developmentRegion = en;
			hasScannedForEncodings = 0;
			knownRegions = (
				en,
				Base,
			);
			mainGroup = E5CF869124A0205B00EB96AB;
			productRefGroup = E5CF869B24A0205B00EB96AB /* Products */;
			projectDirPath = "";
			projectRoot = "";
			targets = (
				E5CF869924A0205B00EB96AB /* Boundri IOS */,
				E5CF86AF24A0206100EB96AB /* Boundri IOSTests */,
				E5CF86BA24A0206100EB96AB /* Boundri IOSUITests */,
			);
		};
/* End PBXProject section */

/* Begin PBXResourcesBuildPhase section */
		E5CF869824A0205B00EB96AB /* Resources */ = {
			isa = PBXResourcesBuildPhase;
			buildActionMask = 2147483647;
			files = (
				E5CF86AA24A0206100EB96AB /* LaunchScreen.storyboard in Resources */,
				E5CF86A724A0206100EB96AB /* Assets.xcassets in Resources */,
				E5CF86A524A0205B00EB96AB /* Main.storyboard in Resources */,
			);
			runOnlyForDeploymentPostprocessing = 0;
		};
		E5CF86AE24A0206100EB96AB /* Resources */ = {
			isa = PBXResourcesBuildPhase;
			buildActionMask = 2147483647;
			files = (
			);
			runOnlyForDeploymentPostprocessing = 0;
		};
		E5CF86B924A0206100EB96AB /* Resources */ = {
			isa = PBXResourcesBuildPhase;
			buildActionMask = 2147483647;
			files = (
			);
			runOnlyForDeploymentPostprocessing = 0;
		};
/* End PBXResourcesBuildPhase section */

/* Begin PBXShellScriptBuildPhase section */
		01E163C88C2CCDD569AAF4D8 /* [CP] Check Pods Manifest.lock */ = {
			isa = PBXShellScriptBuildPhase;
			buildActionMask = 2147483647;
			files = (
			);
			inputFileListPaths = (
			);
			inputPaths = (
				"${PODS_PODFILE_DIR_PATH}/Podfile.lock",
				"${PODS_ROOT}/Manifest.lock",
			);
			name = "[CP] Check Pods Manifest.lock";
			outputFileListPaths = (
			);
			outputPaths = (
				"$(DERIVED_FILE_DIR)/Pods-Boundri IOSTests-checkManifestLockResult.txt",
			);
			runOnlyForDeploymentPostprocessing = 0;
			shellPath = /bin/sh;
			shellScript = "diff \"${PODS_PODFILE_DIR_PATH}/Podfile.lock\" \"${PODS_ROOT}/Manifest.lock\" > /dev/null\nif [ $? != 0 ] ; then\n    # print error to STDERR\n    echo \"error: The sandbox is not in sync with the Podfile.lock. Run 'pod install' or update your CocoaPods installation.\" >&2\n    exit 1\nfi\n# This output is used by Xcode 'outputs' to avoid re-running this script phase.\necho \"SUCCESS\" > \"${SCRIPT_OUTPUT_FILE_0}\"\n";
			showEnvVarsInLog = 0;
		};
		72CDC3991AF09A07775E604E /* [CP] Check Pods Manifest.lock */ = {
			isa = PBXShellScriptBuildPhase;
			buildActionMask = 2147483647;
			files = (
			);
			inputFileListPaths = (
			);
			inputPaths = (
				"${PODS_PODFILE_DIR_PATH}/Podfile.lock",
				"${PODS_ROOT}/Manifest.lock",
			);
			name = "[CP] Check Pods Manifest.lock";
			outputFileListPaths = (
			);
			outputPaths = (
				"$(DERIVED_FILE_DIR)/Pods-Boundri IOS-checkManifestLockResult.txt",
			);
			runOnlyForDeploymentPostprocessing = 0;
			shellPath = /bin/sh;
			shellScript = "diff \"${PODS_PODFILE_DIR_PATH}/Podfile.lock\" \"${PODS_ROOT}/Manifest.lock\" > /dev/null\nif [ $? != 0 ] ; then\n    # print error to STDERR\n    echo \"error: The sandbox is not in sync with the Podfile.lock. Run 'pod install' or update your CocoaPods installation.\" >&2\n    exit 1\nfi\n# This output is used by Xcode 'outputs' to avoid re-running this script phase.\necho \"SUCCESS\" > \"${SCRIPT_OUTPUT_FILE_0}\"\n";
			showEnvVarsInLog = 0;
		};
		866A3721857625B3A60CF418 /* [CP] Copy Pods Resources */ = {
			isa = PBXShellScriptBuildPhase;
			buildActionMask = 2147483647;
			files = (
			);
			inputFileListPaths = (
				"${PODS_ROOT}/Target Support Files/Pods-Boundri IOS/Pods-Boundri IOS-resources-${CONFIGURATION}-input-files.xcfilelist",
			);
			name = "[CP] Copy Pods Resources";
			outputFileListPaths = (
				"${PODS_ROOT}/Target Support Files/Pods-Boundri IOS/Pods-Boundri IOS-resources-${CONFIGURATION}-output-files.xcfilelist",
			);
			runOnlyForDeploymentPostprocessing = 0;
			shellPath = /bin/sh;
			shellScript = "\"${PODS_ROOT}/Target Support Files/Pods-Boundri IOS/Pods-Boundri IOS-resources.sh\"\n";
			showEnvVarsInLog = 0;
		};
		90047747F68BCA08E0523B34 /* [CP] Copy Pods Resources */ = {
			isa = PBXShellScriptBuildPhase;
			buildActionMask = 2147483647;
			files = (
			);
			inputFileListPaths = (
				"${PODS_ROOT}/Target Support Files/Pods-Boundri IOS-Boundri IOSUITests/Pods-Boundri IOS-Boundri IOSUITests-resources-${CONFIGURATION}-input-files.xcfilelist",
			);
			name = "[CP] Copy Pods Resources";
			outputFileListPaths = (
				"${PODS_ROOT}/Target Support Files/Pods-Boundri IOS-Boundri IOSUITests/Pods-Boundri IOS-Boundri IOSUITests-resources-${CONFIGURATION}-output-files.xcfilelist",
			);
			runOnlyForDeploymentPostprocessing = 0;
			shellPath = /bin/sh;
			shellScript = "\"${PODS_ROOT}/Target Support Files/Pods-Boundri IOS-Boundri IOSUITests/Pods-Boundri IOS-Boundri IOSUITests-resources.sh\"\n";
			showEnvVarsInLog = 0;
		};
		B691D02CADE16A78011B25C6 /* [CP] Embed Pods Frameworks */ = {
			isa = PBXShellScriptBuildPhase;
			buildActionMask = 2147483647;
			files = (
			);
			inputFileListPaths = (
				"${PODS_ROOT}/Target Support Files/Pods-Boundri IOS-Boundri IOSUITests/Pods-Boundri IOS-Boundri IOSUITests-frameworks-${CONFIGURATION}-input-files.xcfilelist",
			);
			name = "[CP] Embed Pods Frameworks";
			outputFileListPaths = (
				"${PODS_ROOT}/Target Support Files/Pods-Boundri IOS-Boundri IOSUITests/Pods-Boundri IOS-Boundri IOSUITests-frameworks-${CONFIGURATION}-output-files.xcfilelist",
			);
			runOnlyForDeploymentPostprocessing = 0;
			shellPath = /bin/sh;
			shellScript = "\"${PODS_ROOT}/Target Support Files/Pods-Boundri IOS-Boundri IOSUITests/Pods-Boundri IOS-Boundri IOSUITests-frameworks.sh\"\n";
			showEnvVarsInLog = 0;
		};
		BB8369E8DE04283F3D20FA90 /* [CP] Embed Pods Frameworks */ = {
			isa = PBXShellScriptBuildPhase;
			buildActionMask = 2147483647;
			files = (
			);
			inputFileListPaths = (
				"${PODS_ROOT}/Target Support Files/Pods-Boundri IOS/Pods-Boundri IOS-frameworks-${CONFIGURATION}-input-files.xcfilelist",
			);
			name = "[CP] Embed Pods Frameworks";
			outputFileListPaths = (
				"${PODS_ROOT}/Target Support Files/Pods-Boundri IOS/Pods-Boundri IOS-frameworks-${CONFIGURATION}-output-files.xcfilelist",
			);
			runOnlyForDeploymentPostprocessing = 0;
			shellPath = /bin/sh;
			shellScript = "\"${PODS_ROOT}/Target Support Files/Pods-Boundri IOS/Pods-Boundri IOS-frameworks.sh\"\n";
			showEnvVarsInLog = 0;
		};
		D856D84B5FC24724735DE50D /* [CP] Check Pods Manifest.lock */ = {
			isa = PBXShellScriptBuildPhase;
			buildActionMask = 2147483647;
			files = (
			);
			inputFileListPaths = (
			);
			inputPaths = (
				"${PODS_PODFILE_DIR_PATH}/Podfile.lock",
				"${PODS_ROOT}/Manifest.lock",
			);
			name = "[CP] Check Pods Manifest.lock";
			outputFileListPaths = (
			);
			outputPaths = (
				"$(DERIVED_FILE_DIR)/Pods-Boundri IOS-Boundri IOSUITests-checkManifestLockResult.txt",
			);
			runOnlyForDeploymentPostprocessing = 0;
			shellPath = /bin/sh;
			shellScript = "diff \"${PODS_PODFILE_DIR_PATH}/Podfile.lock\" \"${PODS_ROOT}/Manifest.lock\" > /dev/null\nif [ $? != 0 ] ; then\n    # print error to STDERR\n    echo \"error: The sandbox is not in sync with the Podfile.lock. Run 'pod install' or update your CocoaPods installation.\" >&2\n    exit 1\nfi\n# This output is used by Xcode 'outputs' to avoid re-running this script phase.\necho \"SUCCESS\" > \"${SCRIPT_OUTPUT_FILE_0}\"\n";
			showEnvVarsInLog = 0;
		};
/* End PBXShellScriptBuildPhase section */

/* Begin PBXSourcesBuildPhase section */
		E5CF869624A0205B00EB96AB /* Sources */ = {
			isa = PBXSourcesBuildPhase;
			buildActionMask = 2147483647;
			files = (
				E5D84D9424BE02F100DD7760 /* AboutTVC.swift in Sources */,
				E5CF869E24A0205B00EB96AB /* AppDelegate.swift in Sources */,
				E5CF871824A12C0C00EB96AB /* ImageViewVC.swift in Sources */,
				E57D7D6124A8F95500C09A03 /* SettingsTVC.swift in Sources */,
				E5CF871224A118D500EB96AB /* HomeTVC.swift in Sources */,
				E529B9C724A3DBF6002A3E60 /* SiriKit.swift in Sources */,
				E5CF86A024A0205B00EB96AB /* SceneDelegate.swift in Sources */,
				E5D84D9624BE03DE00DD7760 /* VIsionCell.swift in Sources */,
				E529B9C524A3DBE0002A3E60 /* CloudVisionAPI.swift in Sources */,
				E5CF871424A1282B00EB96AB /* CameraVC.swift in Sources */,
			);
			runOnlyForDeploymentPostprocessing = 0;
		};
		E5CF86AC24A0206100EB96AB /* Sources */ = {
			isa = PBXSourcesBuildPhase;
			buildActionMask = 2147483647;
			files = (
			);
			runOnlyForDeploymentPostprocessing = 0;
		};
		E5CF86B724A0206100EB96AB /* Sources */ = {
			isa = PBXSourcesBuildPhase;
			buildActionMask = 2147483647;
			files = (
			);
			runOnlyForDeploymentPostprocessing = 0;
		};
/* End PBXSourcesBuildPhase section */

/* Begin PBXTargetDependency section */
		E5CF86B224A0206100EB96AB /* PBXTargetDependency */ = {
			isa = PBXTargetDependency;
			target = E5CF869924A0205B00EB96AB /* Boundri IOS */;
			targetProxy = E5CF86B124A0206100EB96AB /* PBXContainerItemProxy */;
		};
		E5CF86BD24A0206100EB96AB /* PBXTargetDependency */ = {
			isa = PBXTargetDependency;
			target = E5CF869924A0205B00EB96AB /* Boundri IOS */;
			targetProxy = E5CF86BC24A0206100EB96AB /* PBXContainerItemProxy */;
		};
/* End PBXTargetDependency section */

/* Begin PBXVariantGroup section */
		E5CF86A324A0205B00EB96AB /* Main.storyboard */ = {
			isa = PBXVariantGroup;
			children = (
				E5CF86A424A0205B00EB96AB /* Base */,
			);
			name = Main.storyboard;
			sourceTree = "<group>";
		};
		E5CF86A824A0206100EB96AB /* LaunchScreen.storyboard */ = {
			isa = PBXVariantGroup;
			children = (
				E5CF86A924A0206100EB96AB /* Base */,
			);
			name = LaunchScreen.storyboard;
			sourceTree = "<group>";
		};
/* End PBXVariantGroup section */

/* Begin XCBuildConfiguration section */
		E5CF86C224A0206100EB96AB /* Debug */ = {
			isa = XCBuildConfiguration;
			buildSettings = {
				ALWAYS_SEARCH_USER_PATHS = NO;
				CLANG_ANALYZER_NONNULL = YES;
				CLANG_ANALYZER_NUMBER_OBJECT_CONVERSION = YES_AGGRESSIVE;
				CLANG_CXX_LANGUAGE_STANDARD = "gnu++14";
				CLANG_CXX_LIBRARY = "libc++";
				CLANG_ENABLE_MODULES = YES;
				CLANG_ENABLE_OBJC_ARC = YES;
				CLANG_ENABLE_OBJC_WEAK = YES;
				CLANG_WARN_BLOCK_CAPTURE_AUTORELEASING = YES;
				CLANG_WARN_BOOL_CONVERSION = YES;
				CLANG_WARN_COMMA = YES;
				CLANG_WARN_CONSTANT_CONVERSION = YES;
				CLANG_WARN_DEPRECATED_OBJC_IMPLEMENTATIONS = YES;
				CLANG_WARN_DIRECT_OBJC_ISA_USAGE = YES_ERROR;
				CLANG_WARN_DOCUMENTATION_COMMENTS = YES;
				CLANG_WARN_EMPTY_BODY = YES;
				CLANG_WARN_ENUM_CONVERSION = YES;
				CLANG_WARN_INFINITE_RECURSION = YES;
				CLANG_WARN_INT_CONVERSION = YES;
				CLANG_WARN_NON_LITERAL_NULL_CONVERSION = YES;
				CLANG_WARN_OBJC_IMPLICIT_RETAIN_SELF = YES;
				CLANG_WARN_OBJC_LITERAL_CONVERSION = YES;
				CLANG_WARN_OBJC_ROOT_CLASS = YES_ERROR;
				CLANG_WARN_RANGE_LOOP_ANALYSIS = YES;
				CLANG_WARN_STRICT_PROTOTYPES = YES;
				CLANG_WARN_SUSPICIOUS_MOVE = YES;
				CLANG_WARN_UNGUARDED_AVAILABILITY = YES_AGGRESSIVE;
				CLANG_WARN_UNREACHABLE_CODE = YES;
				CLANG_WARN__DUPLICATE_METHOD_MATCH = YES;
				COPY_PHASE_STRIP = NO;
				DEBUG_INFORMATION_FORMAT = dwarf;
				ENABLE_STRICT_OBJC_MSGSEND = YES;
				ENABLE_TESTABILITY = YES;
				GCC_C_LANGUAGE_STANDARD = gnu11;
				GCC_DYNAMIC_NO_PIC = NO;
				GCC_NO_COMMON_BLOCKS = YES;
				GCC_OPTIMIZATION_LEVEL = 0;
				GCC_PREPROCESSOR_DEFINITIONS = (
					"DEBUG=1",
					"$(inherited)",
				);
				GCC_WARN_64_TO_32_BIT_CONVERSION = YES;
				GCC_WARN_ABOUT_RETURN_TYPE = YES_ERROR;
				GCC_WARN_UNDECLARED_SELECTOR = YES;
				GCC_WARN_UNINITIALIZED_AUTOS = YES_AGGRESSIVE;
				GCC_WARN_UNUSED_FUNCTION = YES;
				GCC_WARN_UNUSED_VARIABLE = YES;
				IPHONEOS_DEPLOYMENT_TARGET = 13.5;
				MTL_ENABLE_DEBUG_INFO = INCLUDE_SOURCE;
				MTL_FAST_MATH = YES;
				ONLY_ACTIVE_ARCH = YES;
				SDKROOT = iphoneos;
				SWIFT_ACTIVE_COMPILATION_CONDITIONS = DEBUG;
				SWIFT_OPTIMIZATION_LEVEL = "-Onone";
			};
			name = Debug;
		};
		E5CF86C324A0206100EB96AB /* Release */ = {
			isa = XCBuildConfiguration;
			buildSettings = {
				ALWAYS_SEARCH_USER_PATHS = NO;
				CLANG_ANALYZER_NONNULL = YES;
				CLANG_ANALYZER_NUMBER_OBJECT_CONVERSION = YES_AGGRESSIVE;
				CLANG_CXX_LANGUAGE_STANDARD = "gnu++14";
				CLANG_CXX_LIBRARY = "libc++";
				CLANG_ENABLE_MODULES = YES;
				CLANG_ENABLE_OBJC_ARC = YES;
				CLANG_ENABLE_OBJC_WEAK = YES;
				CLANG_WARN_BLOCK_CAPTURE_AUTORELEASING = YES;
				CLANG_WARN_BOOL_CONVERSION = YES;
				CLANG_WARN_COMMA = YES;
				CLANG_WARN_CONSTANT_CONVERSION = YES;
				CLANG_WARN_DEPRECATED_OBJC_IMPLEMENTATIONS = YES;
				CLANG_WARN_DIRECT_OBJC_ISA_USAGE = YES_ERROR;
				CLANG_WARN_DOCUMENTATION_COMMENTS = YES;
				CLANG_WARN_EMPTY_BODY = YES;
				CLANG_WARN_ENUM_CONVERSION = YES;
				CLANG_WARN_INFINITE_RECURSION = YES;
				CLANG_WARN_INT_CONVERSION = YES;
				CLANG_WARN_NON_LITERAL_NULL_CONVERSION = YES;
				CLANG_WARN_OBJC_IMPLICIT_RETAIN_SELF = YES;
				CLANG_WARN_OBJC_LITERAL_CONVERSION = YES;
				CLANG_WARN_OBJC_ROOT_CLASS = YES_ERROR;
				CLANG_WARN_RANGE_LOOP_ANALYSIS = YES;
				CLANG_WARN_STRICT_PROTOTYPES = YES;
				CLANG_WARN_SUSPICIOUS_MOVE = YES;
				CLANG_WARN_UNGUARDED_AVAILABILITY = YES_AGGRESSIVE;
				CLANG_WARN_UNREACHABLE_CODE = YES;
				CLANG_WARN__DUPLICATE_METHOD_MATCH = YES;
				COPY_PHASE_STRIP = NO;
				DEBUG_INFORMATION_FORMAT = "dwarf-with-dsym";
				ENABLE_NS_ASSERTIONS = NO;
				ENABLE_STRICT_OBJC_MSGSEND = YES;
				GCC_C_LANGUAGE_STANDARD = gnu11;
				GCC_NO_COMMON_BLOCKS = YES;
				GCC_WARN_64_TO_32_BIT_CONVERSION = YES;
				GCC_WARN_ABOUT_RETURN_TYPE = YES_ERROR;
				GCC_WARN_UNDECLARED_SELECTOR = YES;
				GCC_WARN_UNINITIALIZED_AUTOS = YES_AGGRESSIVE;
				GCC_WARN_UNUSED_FUNCTION = YES;
				GCC_WARN_UNUSED_VARIABLE = YES;
				IPHONEOS_DEPLOYMENT_TARGET = 13.5;
				MTL_ENABLE_DEBUG_INFO = NO;
				MTL_FAST_MATH = YES;
				SDKROOT = iphoneos;
				SWIFT_COMPILATION_MODE = wholemodule;
				SWIFT_OPTIMIZATION_LEVEL = "-O";
				VALIDATE_PRODUCT = YES;
			};
			name = Release;
		};
		E5CF86C524A0206100EB96AB /* Debug */ = {
			isa = XCBuildConfiguration;
			baseConfigurationReference = D89D08DF759B46E28DBFCA93 /* Pods-Boundri IOS.debug.xcconfig */;
			buildSettings = {
				ASSETCATALOG_COMPILER_APPICON_NAME = AppIcon;
				CODE_SIGN_STYLE = Automatic;
				DEVELOPMENT_TEAM = C783ZR2C2A;
				INFOPLIST_FILE = "Boundri IOS/Info.plist";
				LD_RUNPATH_SEARCH_PATHS = (
					"$(inherited)",
					"@executable_path/Frameworks",
				);
				PRODUCT_BUNDLE_IDENTIFIER = "com.boundri.Boundri-IOS";
				PRODUCT_NAME = "$(TARGET_NAME)";
				SWIFT_VERSION = 5.0;
				TARGETED_DEVICE_FAMILY = "1,2";
			};
			name = Debug;
		};
		E5CF86C624A0206100EB96AB /* Release */ = {
			isa = XCBuildConfiguration;
			baseConfigurationReference = CE10927030BE7AF0AA4020FF /* Pods-Boundri IOS.release.xcconfig */;
			buildSettings = {
				ASSETCATALOG_COMPILER_APPICON_NAME = AppIcon;
				CODE_SIGN_STYLE = Automatic;
				DEVELOPMENT_TEAM = C783ZR2C2A;
				INFOPLIST_FILE = "Boundri IOS/Info.plist";
				LD_RUNPATH_SEARCH_PATHS = (
					"$(inherited)",
					"@executable_path/Frameworks",
				);
				PRODUCT_BUNDLE_IDENTIFIER = "com.boundri.Boundri-IOS";
				PRODUCT_NAME = "$(TARGET_NAME)";
				SWIFT_VERSION = 5.0;
				TARGETED_DEVICE_FAMILY = "1,2";
			};
			name = Release;
		};
		E5CF86C824A0206100EB96AB /* Debug */ = {
			isa = XCBuildConfiguration;
			baseConfigurationReference = E77E285F86034481B151F09C /* Pods-Boundri IOSTests.debug.xcconfig */;
			buildSettings = {
				ALWAYS_EMBED_SWIFT_STANDARD_LIBRARIES = YES;
				BUNDLE_LOADER = "$(TEST_HOST)";
				CODE_SIGN_STYLE = Automatic;
				DEVELOPMENT_TEAM = C783ZR2C2A;
				INFOPLIST_FILE = "Boundri IOSTests/Info.plist";
				IPHONEOS_DEPLOYMENT_TARGET = 13.5;
				LD_RUNPATH_SEARCH_PATHS = (
					"$(inherited)",
					"@executable_path/Frameworks",
					"@loader_path/Frameworks",
				);
				PRODUCT_BUNDLE_IDENTIFIER = "com.boundri.Boundri-IOSTests";
				PRODUCT_NAME = "$(TARGET_NAME)";
				SWIFT_VERSION = 5.0;
				TARGETED_DEVICE_FAMILY = "1,2";
				TEST_HOST = "$(BUILT_PRODUCTS_DIR)/Boundri IOS.app/Boundri IOS";
			};
			name = Debug;
		};
		E5CF86C924A0206100EB96AB /* Release */ = {
			isa = XCBuildConfiguration;
			baseConfigurationReference = 65736443A7F6F82EE032D758 /* Pods-Boundri IOSTests.release.xcconfig */;
			buildSettings = {
				ALWAYS_EMBED_SWIFT_STANDARD_LIBRARIES = YES;
				BUNDLE_LOADER = "$(TEST_HOST)";
				CODE_SIGN_STYLE = Automatic;
				DEVELOPMENT_TEAM = C783ZR2C2A;
				INFOPLIST_FILE = "Boundri IOSTests/Info.plist";
				IPHONEOS_DEPLOYMENT_TARGET = 13.5;
				LD_RUNPATH_SEARCH_PATHS = (
					"$(inherited)",
					"@executable_path/Frameworks",
					"@loader_path/Frameworks",
				);
				PRODUCT_BUNDLE_IDENTIFIER = "com.boundri.Boundri-IOSTests";
				PRODUCT_NAME = "$(TARGET_NAME)";
				SWIFT_VERSION = 5.0;
				TARGETED_DEVICE_FAMILY = "1,2";
				TEST_HOST = "$(BUILT_PRODUCTS_DIR)/Boundri IOS.app/Boundri IOS";
			};
			name = Release;
		};
		E5CF86CB24A0206100EB96AB /* Debug */ = {
			isa = XCBuildConfiguration;
			baseConfigurationReference = 89F6330E3B9C8E4394B6D614 /* Pods-Boundri IOS-Boundri IOSUITests.debug.xcconfig */;
			buildSettings = {
				ALWAYS_EMBED_SWIFT_STANDARD_LIBRARIES = YES;
				CODE_SIGN_STYLE = Automatic;
				DEVELOPMENT_TEAM = C783ZR2C2A;
				INFOPLIST_FILE = "Boundri IOSUITests/Info.plist";
				LD_RUNPATH_SEARCH_PATHS = (
					"$(inherited)",
					"@executable_path/Frameworks",
					"@loader_path/Frameworks",
				);
				PRODUCT_BUNDLE_IDENTIFIER = "com.boundri.Boundri-IOSUITests";
				PRODUCT_NAME = "$(TARGET_NAME)";
				SWIFT_VERSION = 5.0;
				TARGETED_DEVICE_FAMILY = "1,2";
				TEST_TARGET_NAME = "Boundri IOS";
			};
			name = Debug;
		};
		E5CF86CC24A0206100EB96AB /* Release */ = {
			isa = XCBuildConfiguration;
			baseConfigurationReference = 7BB09EADB0989269D7CFB67F /* Pods-Boundri IOS-Boundri IOSUITests.release.xcconfig */;
			buildSettings = {
				ALWAYS_EMBED_SWIFT_STANDARD_LIBRARIES = YES;
				CODE_SIGN_STYLE = Automatic;
				DEVELOPMENT_TEAM = C783ZR2C2A;
				INFOPLIST_FILE = "Boundri IOSUITests/Info.plist";
				LD_RUNPATH_SEARCH_PATHS = (
					"$(inherited)",
					"@executable_path/Frameworks",
					"@loader_path/Frameworks",
				);
				PRODUCT_BUNDLE_IDENTIFIER = "com.boundri.Boundri-IOSUITests";
				PRODUCT_NAME = "$(TARGET_NAME)";
				SWIFT_VERSION = 5.0;
				TARGETED_DEVICE_FAMILY = "1,2";
				TEST_TARGET_NAME = "Boundri IOS";
			};
			name = Release;
		};
/* End XCBuildConfiguration section */

/* Begin XCConfigurationList section */
		E5CF869524A0205B00EB96AB /* Build configuration list for PBXProject "Boundri IOS" */ = {
			isa = XCConfigurationList;
			buildConfigurations = (
				E5CF86C224A0206100EB96AB /* Debug */,
				E5CF86C324A0206100EB96AB /* Release */,
			);
			defaultConfigurationIsVisible = 0;
			defaultConfigurationName = Release;
		};
		E5CF86C424A0206100EB96AB /* Build configuration list for PBXNativeTarget "Boundri IOS" */ = {
			isa = XCConfigurationList;
			buildConfigurations = (
				E5CF86C524A0206100EB96AB /* Debug */,
				E5CF86C624A0206100EB96AB /* Release */,
			);
			defaultConfigurationIsVisible = 0;
			defaultConfigurationName = Release;
		};
		E5CF86C724A0206100EB96AB /* Build configuration list for PBXNativeTarget "Boundri IOSTests" */ = {
			isa = XCConfigurationList;
			buildConfigurations = (
				E5CF86C824A0206100EB96AB /* Debug */,
				E5CF86C924A0206100EB96AB /* Release */,
			);
			defaultConfigurationIsVisible = 0;
			defaultConfigurationName = Release;
		};
		E5CF86CA24A0206100EB96AB /* Build configuration list for PBXNativeTarget "Boundri IOSUITests" */ = {
			isa = XCConfigurationList;
			buildConfigurations = (
				E5CF86CB24A0206100EB96AB /* Debug */,
				E5CF86CC24A0206100EB96AB /* Release */,
			);
			defaultConfigurationIsVisible = 0;
			defaultConfigurationName = Release;
		};
/* End XCConfigurationList section */
	};
	rootObject = E5CF869224A0205B00EB96AB /* Project object */;
}
